
Microsoft Visual Studio Solution File, Format Version 11.00
# Visual Studio 2010
Project("{FAE04EC0-301F-11D3-BF4B-00C04F79EFBC}") = "HelloWorld.Core", "HelloWorld.Core\HelloWorld.Core.csproj", "{9E2FD55A-3C1C-4311-8076-67A1B6E1BA03}"
EndProject
Global
	GlobalSection(SolutionConfigurationPlatforms) = preSolution
		Debug|Any CPU = Debug|Any CPU
		Release|Any CPU = Release|Any CPU
	EndGlobalSection
	GlobalSection(ProjectConfigurationPlatforms) = postSolution
		{9E2FD55A-3C1C-4311-8076-67A1B6E1BA03}.Debug|Any CPU.ActiveCfg = Debug|Any CPU
		{9E2FD55A-3C1C-4311-8076-67A1B6E1BA03}.Debug|Any CPU.Build.0 = Debug|Any CPU
		{9E2FD55A-3C1C-4311-8076-67A1B6E1BA03}.Release|Any CPU.ActiveCfg = Release|Any CPU
		{9E2FD55A-3C1C-4311-8076-67A1B6E1BA03}.Release|Any CPU.Build.0 = Release|Any CPU
	EndGlobalSection
	GlobalSection(SolutionProperties) = preSolution
		HideSolutionNode = FALSE
	EndGlobalSection
EndGlobal
