
Microsoft Visual Studio Solution File, Format Version 11.00
# Visual Studio 2010
Project("{FAE04EC0-301F-11D3-BF4B-00C04F79EFBC}") = "NightHawk", "NightHawk\NightHawk.csproj", "{51B90248-DE84-4D20-AA2C-94549F21B32D}"
EndProject
Project("{FAE04EC0-301F-11D3-BF4B-00C04F79EFBC}") = "NightHawkSL", "NightHawkSL\NightHawkSL.csproj", "{AE527FF4-8BA7-4EF8-B8CC-47251F6A54DC}"
EndProject
Project("{FAE04EC0-301F-11D3-BF4B-00C04F79EFBC}") = "NightHawkSL.Web", "NightHawkSL.Web\NightHawkSL.Web.csproj", "{24E12FE3-BB72-42A9-8E1A-5A7C3AB0E4DD}"
EndProject
Project("{FAE04EC0-301F-11D3-BF4B-00C04F79EFBC}") = "NightHawkSL.Ui.Core", "NightHawkSL.Ui.Core\NightHawkSL.Ui.Core.csproj", "{0C2470E2-BF95-4287-8D95-947A2AF99ADC}"
EndProject
Project("{FAE04EC0-301F-11D3-BF4B-00C04F79EFBC}") = "NightHawkSL.Module.Test", "NightHawkSL.Module.Test\NightHawkSL.Module.Test.csproj", "{E51DEE1C-E4E6-4EC1-B614-1E708F7E9D5B}"
EndProject
Global
	GlobalSection(SolutionConfigurationPlatforms) = preSolution
		Debug|Any CPU = Debug|Any CPU
		Debug|Mixed Platforms = Debug|Mixed Platforms
		Debug|x86 = Debug|x86
		Release|Any CPU = Release|Any CPU
		Release|Mixed Platforms = Release|Mixed Platforms
		Release|x86 = Release|x86
	EndGlobalSection
	GlobalSection(ProjectConfigurationPlatforms) = postSolution
		{51B90248-DE84-4D20-AA2C-94549F21B32D}.Debug|Any CPU.ActiveCfg = Debug|x86
		{51B90248-DE84-4D20-AA2C-94549F21B32D}.Debug|Mixed Platforms.ActiveCfg = Debug|x86
		{51B90248-DE84-4D20-AA2C-94549F21B32D}.Debug|Mixed Platforms.Build.0 = Debug|x86
		{51B90248-DE84-4D20-AA2C-94549F21B32D}.Debug|x86.ActiveCfg = Debug|x86
		{51B90248-DE84-4D20-AA2C-94549F21B32D}.Debug|x86.Build.0 = Debug|x86
		{51B90248-DE84-4D20-AA2C-94549F21B32D}.Release|Any CPU.ActiveCfg = Release|x86
		{51B90248-DE84-4D20-AA2C-94549F21B32D}.Release|Mixed Platforms.ActiveCfg = Release|x86
		{51B90248-DE84-4D20-AA2C-94549F21B32D}.Release|Mixed Platforms.Build.0 = Release|x86
		{51B90248-DE84-4D20-AA2C-94549F21B32D}.Release|x86.ActiveCfg = Release|x86
		{51B90248-DE84-4D20-AA2C-94549F21B32D}.Release|x86.Build.0 = Release|x86
		{AE527FF4-8BA7-4EF8-B8CC-47251F6A54DC}.Debug|Any CPU.ActiveCfg = Debug|Any CPU
		{AE527FF4-8BA7-4EF8-B8CC-47251F6A54DC}.Debug|Any CPU.Build.0 = Debug|Any CPU
		{AE527FF4-8BA7-4EF8-B8CC-47251F6A54DC}.Debug|Mixed Platforms.ActiveCfg = Debug|Any CPU
		{AE527FF4-8BA7-4EF8-B8CC-47251F6A54DC}.Debug|Mixed Platforms.Build.0 = Debug|Any CPU
		{AE527FF4-8BA7-4EF8-B8CC-47251F6A54DC}.Debug|x86.ActiveCfg = Debug|Any CPU
		{AE527FF4-8BA7-4EF8-B8CC-47251F6A54DC}.Release|Any CPU.ActiveCfg = Release|Any CPU
		{AE527FF4-8BA7-4EF8-B8CC-47251F6A54DC}.Release|Any CPU.Build.0 = Release|Any CPU
		{AE527FF4-8BA7-4EF8-B8CC-47251F6A54DC}.Release|Mixed Platforms.ActiveCfg = Release|Any CPU
		{AE527FF4-8BA7-4EF8-B8CC-47251F6A54DC}.Release|Mixed Platforms.Build.0 = Release|Any CPU
		{AE527FF4-8BA7-4EF8-B8CC-47251F6A54DC}.Release|x86.ActiveCfg = Release|Any CPU
		{24E12FE3-BB72-42A9-8E1A-5A7C3AB0E4DD}.Debug|Any CPU.ActiveCfg = Debug|Any CPU
		{24E12FE3-BB72-42A9-8E1A-5A7C3AB0E4DD}.Debug|Any CPU.Build.0 = Debug|Any CPU
		{24E12FE3-BB72-42A9-8E1A-5A7C3AB0E4DD}.Debug|Mixed Platforms.ActiveCfg = Debug|Any CPU
		{24E12FE3-BB72-42A9-8E1A-5A7C3AB0E4DD}.Debug|Mixed Platforms.Build.0 = Debug|Any CPU
		{24E12FE3-BB72-42A9-8E1A-5A7C3AB0E4DD}.Debug|x86.ActiveCfg = Debug|Any CPU
		{24E12FE3-BB72-42A9-8E1A-5A7C3AB0E4DD}.Release|Any CPU.ActiveCfg = Release|Any CPU
		{24E12FE3-BB72-42A9-8E1A-5A7C3AB0E4DD}.Release|Any CPU.Build.0 = Release|Any CPU
		{24E12FE3-BB72-42A9-8E1A-5A7C3AB0E4DD}.Release|Mixed Platforms.ActiveCfg = Release|Any CPU
		{24E12FE3-BB72-42A9-8E1A-5A7C3AB0E4DD}.Release|Mixed Platforms.Build.0 = Release|Any CPU
		{24E12FE3-BB72-42A9-8E1A-5A7C3AB0E4DD}.Release|x86.ActiveCfg = Release|Any CPU
		{0C2470E2-BF95-4287-8D95-947A2AF99ADC}.Debug|Any CPU.ActiveCfg = Debug|Any CPU
		{0C2470E2-BF95-4287-8D95-947A2AF99ADC}.Debug|Any CPU.Build.0 = Debug|Any CPU
		{0C2470E2-BF95-4287-8D95-947A2AF99ADC}.Debug|Mixed Platforms.ActiveCfg = Debug|Any CPU
		{0C2470E2-BF95-4287-8D95-947A2AF99ADC}.Debug|Mixed Platforms.Build.0 = Debug|Any CPU
		{0C2470E2-BF95-4287-8D95-947A2AF99ADC}.Debug|x86.ActiveCfg = Debug|Any CPU
		{0C2470E2-BF95-4287-8D95-947A2AF99ADC}.Release|Any CPU.ActiveCfg = Release|Any CPU
		{0C2470E2-BF95-4287-8D95-947A2AF99ADC}.Release|Any CPU.Build.0 = Release|Any CPU
		{0C2470E2-BF95-4287-8D95-947A2AF99ADC}.Release|Mixed Platforms.ActiveCfg = Release|Any CPU
		{0C2470E2-BF95-4287-8D95-947A2AF99ADC}.Release|Mixed Platforms.Build.0 = Release|Any CPU
		{0C2470E2-BF95-4287-8D95-947A2AF99ADC}.Release|x86.ActiveCfg = Release|Any CPU
		{E51DEE1C-E4E6-4EC1-B614-1E708F7E9D5B}.Debug|Any CPU.ActiveCfg = Debug|Any CPU
		{E51DEE1C-E4E6-4EC1-B614-1E708F7E9D5B}.Debug|Any CPU.Build.0 = Debug|Any CPU
		{E51DEE1C-E4E6-4EC1-B614-1E708F7E9D5B}.Debug|Mixed Platforms.ActiveCfg = Debug|Any CPU
		{E51DEE1C-E4E6-4EC1-B614-1E708F7E9D5B}.Debug|Mixed Platforms.Build.0 = Debug|Any CPU
		{E51DEE1C-E4E6-4EC1-B614-1E708F7E9D5B}.Debug|x86.ActiveCfg = Debug|Any CPU
		{E51DEE1C-E4E6-4EC1-B614-1E708F7E9D5B}.Release|Any CPU.ActiveCfg = Release|Any CPU
		{E51DEE1C-E4E6-4EC1-B614-1E708F7E9D5B}.Release|Any CPU.Build.0 = Release|Any CPU
		{E51DEE1C-E4E6-4EC1-B614-1E708F7E9D5B}.Release|Mixed Platforms.ActiveCfg = Release|Any CPU
		{E51DEE1C-E4E6-4EC1-B614-1E708F7E9D5B}.Release|Mixed Platforms.Build.0 = Release|Any CPU
		{E51DEE1C-E4E6-4EC1-B614-1E708F7E9D5B}.Release|x86.ActiveCfg = Release|Any CPU
	EndGlobalSection
	GlobalSection(SolutionProperties) = preSolution
		HideSolutionNode = FALSE
	EndGlobalSection
EndGlobal
