
Microsoft Visual Studio Solution File, Format Version 11.00
# Visual Studio 2010
Project("{FAE04EC0-301F-11D3-BF4B-00C04F79EFBC}") = "Caliburn.Micro.Bootstrapper", "Caliburn.Micro.Bootstrapper\Caliburn.Micro.Bootstrapper.csproj", "{6AE53E0B-88E8-4A86-808E-7D74FA4ACC60}"
EndProject
Project("{FAE04EC0-301F-11D3-BF4B-00C04F79EFBC}") = "Caliburn.Micro.BootstrapperSL", "Caliburn.Micro.BootstrapperSL\Caliburn.Micro.BootstrapperSL.csproj", "{C36E966B-1411-4A29-A5B8-E6E01C55DB1B}"
EndProject
Project("{FAE04EC0-301F-11D3-BF4B-00C04F79EFBC}") = "Caliburn.Micro.BootstrapperSL.Web", "Caliburn.Micro.BootstrapperSL.Web\Caliburn.Micro.BootstrapperSL.Web.csproj", "{F0F3E2BD-3462-4844-87C0-118BE6DFA2FE}"
EndProject
Project("{FAE04EC0-301F-11D3-BF4B-00C04F79EFBC}") = "Caliburn.Micro.Castle", "Caliburn.Micro.Castle\Caliburn.Micro.Castle.csproj", "{593172B0-A6F6-44B3-BAB4-61720EFC2BF0}"
EndProject
Project("{FAE04EC0-301F-11D3-BF4B-00C04F79EFBC}") = "Caliburn.Micro.CastleSL", "Caliburn.Micro.CastleSL\Caliburn.Micro.CastleSL.csproj", "{723E0119-45AF-4B18-B928-301AC5C6903A}"
EndProject
Project("{FAE04EC0-301F-11D3-BF4B-00C04F79EFBC}") = "Caliburn.Micro.Lightcore", "Caliburn.Micro.Lightcore\Caliburn.Micro.Lightcore.csproj", "{C436FF62-CC19-4D97-A418-0691934445C5}"
EndProject
Global
	GlobalSection(SolutionConfigurationPlatforms) = preSolution
		Debug|Any CPU = Debug|Any CPU
		Debug|Mixed Platforms = Debug|Mixed Platforms
		Debug|x86 = Debug|x86
		Release|Any CPU = Release|Any CPU
		Release|Mixed Platforms = Release|Mixed Platforms
		Release|x86 = Release|x86
	EndGlobalSection
	GlobalSection(ProjectConfigurationPlatforms) = postSolution
		{6AE53E0B-88E8-4A86-808E-7D74FA4ACC60}.Debug|Any CPU.ActiveCfg = Debug|x86
		{6AE53E0B-88E8-4A86-808E-7D74FA4ACC60}.Debug|Mixed Platforms.ActiveCfg = Debug|x86
		{6AE53E0B-88E8-4A86-808E-7D74FA4ACC60}.Debug|Mixed Platforms.Build.0 = Debug|x86
		{6AE53E0B-88E8-4A86-808E-7D74FA4ACC60}.Debug|x86.ActiveCfg = Debug|x86
		{6AE53E0B-88E8-4A86-808E-7D74FA4ACC60}.Debug|x86.Build.0 = Debug|x86
		{6AE53E0B-88E8-4A86-808E-7D74FA4ACC60}.Release|Any CPU.ActiveCfg = Release|x86
		{6AE53E0B-88E8-4A86-808E-7D74FA4ACC60}.Release|Mixed Platforms.ActiveCfg = Release|x86
		{6AE53E0B-88E8-4A86-808E-7D74FA4ACC60}.Release|Mixed Platforms.Build.0 = Release|x86
		{6AE53E0B-88E8-4A86-808E-7D74FA4ACC60}.Release|x86.ActiveCfg = Release|x86
		{6AE53E0B-88E8-4A86-808E-7D74FA4ACC60}.Release|x86.Build.0 = Release|x86
		{C36E966B-1411-4A29-A5B8-E6E01C55DB1B}.Debug|Any CPU.ActiveCfg = Debug|Any CPU
		{C36E966B-1411-4A29-A5B8-E6E01C55DB1B}.Debug|Any CPU.Build.0 = Debug|Any CPU
		{C36E966B-1411-4A29-A5B8-E6E01C55DB1B}.Debug|Mixed Platforms.ActiveCfg = Debug|Any CPU
		{C36E966B-1411-4A29-A5B8-E6E01C55DB1B}.Debug|Mixed Platforms.Build.0 = Debug|Any CPU
		{C36E966B-1411-4A29-A5B8-E6E01C55DB1B}.Debug|x86.ActiveCfg = Debug|Any CPU
		{C36E966B-1411-4A29-A5B8-E6E01C55DB1B}.Release|Any CPU.ActiveCfg = Release|Any CPU
		{C36E966B-1411-4A29-A5B8-E6E01C55DB1B}.Release|Any CPU.Build.0 = Release|Any CPU
		{C36E966B-1411-4A29-A5B8-E6E01C55DB1B}.Release|Mixed Platforms.ActiveCfg = Release|Any CPU
		{C36E966B-1411-4A29-A5B8-E6E01C55DB1B}.Release|Mixed Platforms.Build.0 = Release|Any CPU
		{C36E966B-1411-4A29-A5B8-E6E01C55DB1B}.Release|x86.ActiveCfg = Release|Any CPU
		{F0F3E2BD-3462-4844-87C0-118BE6DFA2FE}.Debug|Any CPU.ActiveCfg = Debug|Any CPU
		{F0F3E2BD-3462-4844-87C0-118BE6DFA2FE}.Debug|Any CPU.Build.0 = Debug|Any CPU
		{F0F3E2BD-3462-4844-87C0-118BE6DFA2FE}.Debug|Mixed Platforms.ActiveCfg = Debug|Any CPU
		{F0F3E2BD-3462-4844-87C0-118BE6DFA2FE}.Debug|Mixed Platforms.Build.0 = Debug|Any CPU
		{F0F3E2BD-3462-4844-87C0-118BE6DFA2FE}.Debug|x86.ActiveCfg = Debug|Any CPU
		{F0F3E2BD-3462-4844-87C0-118BE6DFA2FE}.Release|Any CPU.ActiveCfg = Release|Any CPU
		{F0F3E2BD-3462-4844-87C0-118BE6DFA2FE}.Release|Any CPU.Build.0 = Release|Any CPU
		{F0F3E2BD-3462-4844-87C0-118BE6DFA2FE}.Release|Mixed Platforms.ActiveCfg = Release|Any CPU
		{F0F3E2BD-3462-4844-87C0-118BE6DFA2FE}.Release|Mixed Platforms.Build.0 = Release|Any CPU
		{F0F3E2BD-3462-4844-87C0-118BE6DFA2FE}.Release|x86.ActiveCfg = Release|Any CPU
		{593172B0-A6F6-44B3-BAB4-61720EFC2BF0}.Debug|Any CPU.ActiveCfg = Debug|x86
		{593172B0-A6F6-44B3-BAB4-61720EFC2BF0}.Debug|Mixed Platforms.ActiveCfg = Debug|x86
		{593172B0-A6F6-44B3-BAB4-61720EFC2BF0}.Debug|Mixed Platforms.Build.0 = Debug|x86
		{593172B0-A6F6-44B3-BAB4-61720EFC2BF0}.Debug|x86.ActiveCfg = Debug|x86
		{593172B0-A6F6-44B3-BAB4-61720EFC2BF0}.Debug|x86.Build.0 = Debug|x86
		{593172B0-A6F6-44B3-BAB4-61720EFC2BF0}.Release|Any CPU.ActiveCfg = Release|x86
		{593172B0-A6F6-44B3-BAB4-61720EFC2BF0}.Release|Mixed Platforms.ActiveCfg = Release|x86
		{593172B0-A6F6-44B3-BAB4-61720EFC2BF0}.Release|Mixed Platforms.Build.0 = Release|x86
		{593172B0-A6F6-44B3-BAB4-61720EFC2BF0}.Release|x86.ActiveCfg = Release|x86
		{593172B0-A6F6-44B3-BAB4-61720EFC2BF0}.Release|x86.Build.0 = Release|x86
		{723E0119-45AF-4B18-B928-301AC5C6903A}.Debug|Any CPU.ActiveCfg = Debug|Any CPU
		{723E0119-45AF-4B18-B928-301AC5C6903A}.Debug|Any CPU.Build.0 = Debug|Any CPU
		{723E0119-45AF-4B18-B928-301AC5C6903A}.Debug|Mixed Platforms.ActiveCfg = Debug|Any CPU
		{723E0119-45AF-4B18-B928-301AC5C6903A}.Debug|Mixed Platforms.Build.0 = Debug|Any CPU
		{723E0119-45AF-4B18-B928-301AC5C6903A}.Debug|x86.ActiveCfg = Debug|Any CPU
		{723E0119-45AF-4B18-B928-301AC5C6903A}.Release|Any CPU.ActiveCfg = Release|Any CPU
		{723E0119-45AF-4B18-B928-301AC5C6903A}.Release|Any CPU.Build.0 = Release|Any CPU
		{723E0119-45AF-4B18-B928-301AC5C6903A}.Release|Mixed Platforms.ActiveCfg = Release|Any CPU
		{723E0119-45AF-4B18-B928-301AC5C6903A}.Release|Mixed Platforms.Build.0 = Release|Any CPU
		{723E0119-45AF-4B18-B928-301AC5C6903A}.Release|x86.ActiveCfg = Release|Any CPU
		{C436FF62-CC19-4D97-A418-0691934445C5}.Debug|Any CPU.ActiveCfg = Debug|x86
		{C436FF62-CC19-4D97-A418-0691934445C5}.Debug|Mixed Platforms.ActiveCfg = Debug|x86
		{C436FF62-CC19-4D97-A418-0691934445C5}.Debug|Mixed Platforms.Build.0 = Debug|x86
		{C436FF62-CC19-4D97-A418-0691934445C5}.Debug|x86.ActiveCfg = Debug|x86
		{C436FF62-CC19-4D97-A418-0691934445C5}.Debug|x86.Build.0 = Debug|x86
		{C436FF62-CC19-4D97-A418-0691934445C5}.Release|Any CPU.ActiveCfg = Release|x86
		{C436FF62-CC19-4D97-A418-0691934445C5}.Release|Mixed Platforms.ActiveCfg = Release|x86
		{C436FF62-CC19-4D97-A418-0691934445C5}.Release|Mixed Platforms.Build.0 = Release|x86
		{C436FF62-CC19-4D97-A418-0691934445C5}.Release|x86.ActiveCfg = Release|x86
		{C436FF62-CC19-4D97-A418-0691934445C5}.Release|x86.Build.0 = Release|x86
	EndGlobalSection
	GlobalSection(SolutionProperties) = preSolution
		HideSolutionNode = FALSE
	EndGlobalSection
EndGlobal
