
Microsoft Visual Studio Solution File, Format Version 11.00
# Visual Studio 2010
Project("{FAE04EC0-301F-11D3-BF4B-00C04F79EFBC}") = "Caliburn.Castle", "Caliburn.Castle\Caliburn.Castle.csproj", "{C163F11E-9BCE-4227-8E7E-4DC40AC33DCA}"
EndProject
Project("{FAE04EC0-301F-11D3-BF4B-00C04F79EFBC}") = "Caliburn.Castle.Silver", "Caliburn.Castle.Silver\Caliburn.Castle.Silver.csproj", "{70FD18B3-B09E-4670-BC79-27388A6FE5D7}"
EndProject
Global
	GlobalSection(SolutionConfigurationPlatforms) = preSolution
		Debug|Any CPU = Debug|Any CPU
		Debug|Mixed Platforms = Debug|Mixed Platforms
		Debug|x86 = Debug|x86
		Release|Any CPU = Release|Any CPU
		Release|Mixed Platforms = Release|Mixed Platforms
		Release|x86 = Release|x86
	EndGlobalSection
	GlobalSection(ProjectConfigurationPlatforms) = postSolution
		{C163F11E-9BCE-4227-8E7E-4DC40AC33DCA}.Debug|Any CPU.ActiveCfg = Debug|x86
		{C163F11E-9BCE-4227-8E7E-4DC40AC33DCA}.Debug|Mixed Platforms.ActiveCfg = Debug|x86
		{C163F11E-9BCE-4227-8E7E-4DC40AC33DCA}.Debug|Mixed Platforms.Build.0 = Debug|x86
		{C163F11E-9BCE-4227-8E7E-4DC40AC33DCA}.Debug|x86.ActiveCfg = Debug|x86
		{C163F11E-9BCE-4227-8E7E-4DC40AC33DCA}.Debug|x86.Build.0 = Debug|x86
		{C163F11E-9BCE-4227-8E7E-4DC40AC33DCA}.Release|Any CPU.ActiveCfg = Release|x86
		{C163F11E-9BCE-4227-8E7E-4DC40AC33DCA}.Release|Mixed Platforms.ActiveCfg = Release|x86
		{C163F11E-9BCE-4227-8E7E-4DC40AC33DCA}.Release|Mixed Platforms.Build.0 = Release|x86
		{C163F11E-9BCE-4227-8E7E-4DC40AC33DCA}.Release|x86.ActiveCfg = Release|x86
		{C163F11E-9BCE-4227-8E7E-4DC40AC33DCA}.Release|x86.Build.0 = Release|x86
		{70FD18B3-B09E-4670-BC79-27388A6FE5D7}.Debug|Any CPU.ActiveCfg = Debug|Any CPU
		{70FD18B3-B09E-4670-BC79-27388A6FE5D7}.Debug|Any CPU.Build.0 = Debug|Any CPU
		{70FD18B3-B09E-4670-BC79-27388A6FE5D7}.Debug|Mixed Platforms.ActiveCfg = Debug|Any CPU
		{70FD18B3-B09E-4670-BC79-27388A6FE5D7}.Debug|Mixed Platforms.Build.0 = Debug|Any CPU
		{70FD18B3-B09E-4670-BC79-27388A6FE5D7}.Debug|x86.ActiveCfg = Debug|Any CPU
		{70FD18B3-B09E-4670-BC79-27388A6FE5D7}.Release|Any CPU.ActiveCfg = Release|Any CPU
		{70FD18B3-B09E-4670-BC79-27388A6FE5D7}.Release|Any CPU.Build.0 = Release|Any CPU
		{70FD18B3-B09E-4670-BC79-27388A6FE5D7}.Release|Mixed Platforms.ActiveCfg = Release|Any CPU
		{70FD18B3-B09E-4670-BC79-27388A6FE5D7}.Release|Mixed Platforms.Build.0 = Release|Any CPU
		{70FD18B3-B09E-4670-BC79-27388A6FE5D7}.Release|x86.ActiveCfg = Release|Any CPU
	EndGlobalSection
	GlobalSection(SolutionProperties) = preSolution
		HideSolutionNode = FALSE
	EndGlobalSection
EndGlobal
