
Microsoft Visual Studio Solution File, Format Version 11.00
# Visual Studio 2010
Project("{FAE04EC0-301F-11D3-BF4B-00C04F79EFBC}") = "BugTracker", "BugTracker\BugTracker.csproj", "{33A02ED5-B826-4E00-9AAA-CE627EF5F7A9}"
EndProject
Global
	GlobalSection(SolutionConfigurationPlatforms) = preSolution
		Debug|x86 = Debug|x86
		Release|x86 = Release|x86
	EndGlobalSection
	GlobalSection(ProjectConfigurationPlatforms) = postSolution
		{33A02ED5-B826-4E00-9AAA-CE627EF5F7A9}.Debug|x86.ActiveCfg = Debug|x86
		{33A02ED5-B826-4E00-9AAA-CE627EF5F7A9}.Debug|x86.Build.0 = Debug|x86
		{33A02ED5-B826-4E00-9AAA-CE627EF5F7A9}.Release|x86.ActiveCfg = Release|x86
		{33A02ED5-B826-4E00-9AAA-CE627EF5F7A9}.Release|x86.Build.0 = Release|x86
	EndGlobalSection
	GlobalSection(SolutionProperties) = preSolution
		HideSolutionNode = FALSE
	EndGlobalSection
EndGlobal
