
Microsoft Visual Studio Solution File, Format Version 11.00
# Visual Studio 2010
Project("{FAE04EC0-301F-11D3-BF4B-00C04F79EFBC}") = "Caliburn.Micro.Hello", "Caliburn.Micro.Hello\Caliburn.Micro.Hello.csproj", "{090D833F-8741-4F17-8A6C-0465A7DA48B7}"
EndProject
Project("{FAE04EC0-301F-11D3-BF4B-00C04F79EFBC}") = "Caliburn.Micro.HelloSL", "Caliburn.Micro.HelloSL\Caliburn.Micro.HelloSL.csproj", "{9BBDE29E-95DD-413E-9B3D-88F256778B0D}"
EndProject
Project("{FAE04EC0-301F-11D3-BF4B-00C04F79EFBC}") = "Caliburn.Micro.HelloSL.Web", "Caliburn.Micro.HelloSL.Web\Caliburn.Micro.HelloSL.Web.csproj", "{766A5E5A-8D13-47B3-B2D6-3B98288796D6}"
EndProject
Global
	GlobalSection(SolutionConfigurationPlatforms) = preSolution
		Debug|Any CPU = Debug|Any CPU
		Debug|Mixed Platforms = Debug|Mixed Platforms
		Debug|x86 = Debug|x86
		Release|Any CPU = Release|Any CPU
		Release|Mixed Platforms = Release|Mixed Platforms
		Release|x86 = Release|x86
	EndGlobalSection
	GlobalSection(ProjectConfigurationPlatforms) = postSolution
		{090D833F-8741-4F17-8A6C-0465A7DA48B7}.Debug|Any CPU.ActiveCfg = Debug|x86
		{090D833F-8741-4F17-8A6C-0465A7DA48B7}.Debug|Mixed Platforms.ActiveCfg = Debug|x86
		{090D833F-8741-4F17-8A6C-0465A7DA48B7}.Debug|Mixed Platforms.Build.0 = Debug|x86
		{090D833F-8741-4F17-8A6C-0465A7DA48B7}.Debug|x86.ActiveCfg = Debug|x86
		{090D833F-8741-4F17-8A6C-0465A7DA48B7}.Debug|x86.Build.0 = Debug|x86
		{090D833F-8741-4F17-8A6C-0465A7DA48B7}.Release|Any CPU.ActiveCfg = Release|x86
		{090D833F-8741-4F17-8A6C-0465A7DA48B7}.Release|Mixed Platforms.ActiveCfg = Release|x86
		{090D833F-8741-4F17-8A6C-0465A7DA48B7}.Release|Mixed Platforms.Build.0 = Release|x86
		{090D833F-8741-4F17-8A6C-0465A7DA48B7}.Release|x86.ActiveCfg = Release|x86
		{090D833F-8741-4F17-8A6C-0465A7DA48B7}.Release|x86.Build.0 = Release|x86
		{9BBDE29E-95DD-413E-9B3D-88F256778B0D}.Debug|Any CPU.ActiveCfg = Debug|Any CPU
		{9BBDE29E-95DD-413E-9B3D-88F256778B0D}.Debug|Any CPU.Build.0 = Debug|Any CPU
		{9BBDE29E-95DD-413E-9B3D-88F256778B0D}.Debug|Mixed Platforms.ActiveCfg = Debug|Any CPU
		{9BBDE29E-95DD-413E-9B3D-88F256778B0D}.Debug|Mixed Platforms.Build.0 = Debug|Any CPU
		{9BBDE29E-95DD-413E-9B3D-88F256778B0D}.Debug|x86.ActiveCfg = Debug|Any CPU
		{9BBDE29E-95DD-413E-9B3D-88F256778B0D}.Release|Any CPU.ActiveCfg = Release|Any CPU
		{9BBDE29E-95DD-413E-9B3D-88F256778B0D}.Release|Any CPU.Build.0 = Release|Any CPU
		{9BBDE29E-95DD-413E-9B3D-88F256778B0D}.Release|Mixed Platforms.ActiveCfg = Release|Any CPU
		{9BBDE29E-95DD-413E-9B3D-88F256778B0D}.Release|Mixed Platforms.Build.0 = Release|Any CPU
		{9BBDE29E-95DD-413E-9B3D-88F256778B0D}.Release|x86.ActiveCfg = Release|Any CPU
		{766A5E5A-8D13-47B3-B2D6-3B98288796D6}.Debug|Any CPU.ActiveCfg = Debug|Any CPU
		{766A5E5A-8D13-47B3-B2D6-3B98288796D6}.Debug|Any CPU.Build.0 = Debug|Any CPU
		{766A5E5A-8D13-47B3-B2D6-3B98288796D6}.Debug|Mixed Platforms.ActiveCfg = Debug|Any CPU
		{766A5E5A-8D13-47B3-B2D6-3B98288796D6}.Debug|Mixed Platforms.Build.0 = Debug|Any CPU
		{766A5E5A-8D13-47B3-B2D6-3B98288796D6}.Debug|x86.ActiveCfg = Debug|Any CPU
		{766A5E5A-8D13-47B3-B2D6-3B98288796D6}.Release|Any CPU.ActiveCfg = Release|Any CPU
		{766A5E5A-8D13-47B3-B2D6-3B98288796D6}.Release|Any CPU.Build.0 = Release|Any CPU
		{766A5E5A-8D13-47B3-B2D6-3B98288796D6}.Release|Mixed Platforms.ActiveCfg = Release|Any CPU
		{766A5E5A-8D13-47B3-B2D6-3B98288796D6}.Release|Mixed Platforms.Build.0 = Release|Any CPU
		{766A5E5A-8D13-47B3-B2D6-3B98288796D6}.Release|x86.ActiveCfg = Release|Any CPU
	EndGlobalSection
	GlobalSection(SolutionProperties) = preSolution
		HideSolutionNode = FALSE
	EndGlobalSection
EndGlobal
