
Microsoft Visual Studio Solution File, Format Version 11.00
# Visual Studio 2010
Project("{FAE04EC0-301F-11D3-BF4B-00C04F79EFBC}") = "RestPms", "RestPms\RestPms.csproj", "{1B6CEFCA-A630-47C3-8B35-C1C3C09A0694}"
EndProject
Project("{FAE04EC0-301F-11D3-BF4B-00C04F79EFBC}") = "RestPms.Model", "RestPms.Model\RestPms.Model.csproj", "{0000743B-0082-4B22-BCF8-96E06C2E55FC}"
EndProject
Global
	GlobalSection(SolutionConfigurationPlatforms) = preSolution
		Debug|Any CPU = Debug|Any CPU
		Release|Any CPU = Release|Any CPU
	EndGlobalSection
	GlobalSection(ProjectConfigurationPlatforms) = postSolution
		{1B6CEFCA-A630-47C3-8B35-C1C3C09A0694}.Debug|Any CPU.ActiveCfg = Debug|Any CPU
		{1B6CEFCA-A630-47C3-8B35-C1C3C09A0694}.Debug|Any CPU.Build.0 = Debug|Any CPU
		{1B6CEFCA-A630-47C3-8B35-C1C3C09A0694}.Release|Any CPU.ActiveCfg = Release|Any CPU
		{1B6CEFCA-A630-47C3-8B35-C1C3C09A0694}.Release|Any CPU.Build.0 = Release|Any CPU
		{0000743B-0082-4B22-BCF8-96E06C2E55FC}.Debug|Any CPU.ActiveCfg = Debug|Any CPU
		{0000743B-0082-4B22-BCF8-96E06C2E55FC}.Debug|Any CPU.Build.0 = Debug|Any CPU
		{0000743B-0082-4B22-BCF8-96E06C2E55FC}.Release|Any CPU.ActiveCfg = Release|Any CPU
		{0000743B-0082-4B22-BCF8-96E06C2E55FC}.Release|Any CPU.Build.0 = Release|Any CPU
	EndGlobalSection
	GlobalSection(SolutionProperties) = preSolution
		HideSolutionNode = FALSE
	EndGlobalSection
EndGlobal
